
Microsoft Visual Studio Solution File, Format Version 12.00
# Visual Studio Version 17
VisualStudioVersion = 17.7.34221.43
MinimumVisualStudioVersion = 10.0.40219.1
Project("{9A19103F-16F7-4668-BE54-9A1E7A4F7556}") = "BookListRazor", "BookListRazor\BookListRazor.csproj", "{BF8F44F6-A83B-4557-8BAC-C88FBBCA5AAF}"
EndProject
Global
	GlobalSection(SolutionConfigurationPlatforms) = preSolution
		Debug|Any CPU = Debug|Any CPU
		Release|Any CPU = Release|Any CPU
	EndGlobalSection
	GlobalSection(ProjectConfigurationPlatforms) = postSolution
		{BF8F44F6-A83B-4557-8BAC-C88FBBCA5AAF}.Debug|Any CPU.ActiveCfg = Debug|Any CPU
		{BF8F44F6-A83B-4557-8BAC-C88FBBCA5AAF}.Debug|Any CPU.Build.0 = Debug|Any CPU
		{BF8F44F6-A83B-4557-8BAC-C88FBBCA5AAF}.Release|Any CPU.ActiveCfg = Release|Any CPU
		{BF8F44F6-A83B-4557-8BAC-C88FBBCA5AAF}.Release|Any CPU.Build.0 = Release|Any CPU
	EndGlobalSection
	GlobalSection(SolutionProperties) = preSolution
		HideSolutionNode = FALSE
	EndGlobalSection
	GlobalSection(ExtensibilityGlobals) = postSolution
		SolutionGuid = {D267F5AD-AD75-4B69-B970-B57C0CF0AD61}
	EndGlobalSection
EndGlobal
